
Microsoft Visual Studio Solution File, Format Version 12.00
# Visual Studio Version 17
VisualStudioVersion = 17.1.32328.378
MinimumVisualStudioVersion = 10.0.40219.1
Project("{9A19103F-16F7-4668-BE54-9A1E7A4F7556}") = "HTMLBuilder", "HTMLBuilder.csproj", "{C472D641-540F-4C9C-8218-12E82C2CD89E}"
EndProject
Global
	GlobalSection(SolutionConfigurationPlatforms) = preSolution
		Debug|Any CPU = Debug|Any CPU
		Release|Any CPU = Release|Any CPU
	EndGlobalSection
	GlobalSection(ProjectConfigurationPlatforms) = postSolution
		{C472D641-540F-4C9C-8218-12E82C2CD89E}.Debug|Any CPU.ActiveCfg = Debug|Any CPU
		{C472D641-540F-4C9C-8218-12E82C2CD89E}.Debug|Any CPU.Build.0 = Debug|Any CPU
		{C472D641-540F-4C9C-8218-12E82C2CD89E}.Release|Any CPU.ActiveCfg = Release|Any CPU
		{C472D641-540F-4C9C-8218-12E82C2CD89E}.Release|Any CPU.Build.0 = Release|Any CPU
	EndGlobalSection
	GlobalSection(SolutionProperties) = preSolution
		HideSolutionNode = FALSE
	EndGlobalSection
	GlobalSection(ExtensibilityGlobals) = postSolution
		SolutionGuid = {3380A1B1-BE8F-46F6-9200-B5F7C4431193}
	EndGlobalSection
EndGlobal
